github.com/Compogo/tools v0.0.1 h1:oEsD838gwG4xAbKkWerRViLp4Gi+fqT07MJRucDL3vY=
github.com/Compogo/tools v0.0.1/go.mod h1:WMC6OW6nB8hsEMMa/1BR0/CWcDVAfg8Bj2+K08Ufcy4=
github.com/Compogo/tools v1.0.0 h1:Ltcfy70mK3qjOPdOygb3y5/vvUC611Ci+vI2JVmd86Q=
github.com/Compogo/tools v1.0.0/go.mod h1:maqYz4W55hyPl9PNT6YsIhoZCt8zbzSsUDCRrN3KRY4=
github.com/Compogo/types v0.0.13 h1:DwOCxmt0vBUJsKVmoUAu7spmyEMz3sZnE4WaktY/Tos=
github.com/Compogo/types v0.0.13/go.mod h1:2wj58tE4RGlT4JsrN9s+M/kdJ4guUOma+jCXNB3WsB4=
github.com/Compogo/types v0.0.14 h1:iMEzHOI5KdPAoQ596wOPSQYl25yP2tiecRMpLG6gK1s=
github.com/Compogo/types v0.0.14/go.mod h1:2wj58tE4RGlT4JsrN9s+M/kdJ4guUOma+jCXNB3WsB4=
github.com/Compogo/types v0.0.20 h1:3t+RkYmzMNajkLdQU2FoGjs1Lw+Ntz8APK2tzPQ079E=
github.com/Compogo/types v0.0.20/go.mod h1:2wj58tE4RGlT4JsrN9s+M/kdJ4guUOma+jCXNB3WsB4=
github.com/Compogo/types v1.0.0 h1:GdzqeGrV9CUuY7Mg6Z7Xpi4otlS3us2wPOX1kEhhATc=
github.com/Compogo/types v1.0.0/go.mod h1:wESqB/vlZAKikW/ad9pc/eZ+CHMgPVeY0HXgOtD6x1g=
google.golang.org/protobuf v1.36.11 h1:fV6ZwhNocDyBLK0dj+fg8ektcVegBBuEolpbTQyBNVE=
google.golang.org/protobuf v1.36.11/go.mod h1:HTf+CrKn2C3g5S8VImy6tdcUvCska2kB7j23XfzDpco=
